
Microsoft Visual Studio Solution File, Format Version 12.00
# Visual Studio Version 17
VisualStudioVersion = 17.4.33110.190
MinimumVisualStudioVersion = 10.0.40219.1
Project("{FAE04EC0-301F-11D3-BF4B-00C04F79EFBC}") = "ContactAPI", "ContactAPI.csproj", "{C916D39A-DBB3-4122-BB71-FA914FCB0FEE}"
EndProject
Global
	GlobalSection(SolutionConfigurationPlatforms) = preSolution
		Debug|Any CPU = Debug|Any CPU
		Release|Any CPU = Release|Any CPU
	EndGlobalSection
	GlobalSection(ProjectConfigurationPlatforms) = postSolution
		{C916D39A-DBB3-4122-BB71-FA914FCB0FEE}.Debug|Any CPU.ActiveCfg = Debug|Any CPU
		{C916D39A-DBB3-4122-BB71-FA914FCB0FEE}.Debug|Any CPU.Build.0 = Debug|Any CPU
		{C916D39A-DBB3-4122-BB71-FA914FCB0FEE}.Release|Any CPU.ActiveCfg = Release|Any CPU
		{C916D39A-DBB3-4122-BB71-FA914FCB0FEE}.Release|Any CPU.Build.0 = Release|Any CPU
	EndGlobalSection
	GlobalSection(SolutionProperties) = preSolution
		HideSolutionNode = FALSE
	EndGlobalSection
	GlobalSection(ExtensibilityGlobals) = postSolution
		SolutionGuid = {9F87CE6B-68B8-46B6-999E-09E5527EA6A6}
	EndGlobalSection
EndGlobal
