
Microsoft Visual Studio Solution File, Format Version 12.00
# Visual Studio Version 17
VisualStudioVersion = 17.8.34408.163
MinimumVisualStudioVersion = 10.0.40219.1
Project("{FAE04EC0-301F-11D3-BF4B-00C04F79EFBC}") = "VehicleAPI", "VehicleAPI.csproj", "{E43501B5-A7D6-49D9-9EF3-838CBE9F31A2}"
EndProject
Global
	GlobalSection(SolutionConfigurationPlatforms) = preSolution
		Debug|Any CPU = Debug|Any CPU
		Release|Any CPU = Release|Any CPU
	EndGlobalSection
	GlobalSection(ProjectConfigurationPlatforms) = postSolution
		{E43501B5-A7D6-49D9-9EF3-838CBE9F31A2}.Debug|Any CPU.ActiveCfg = Debug|Any CPU
		{E43501B5-A7D6-49D9-9EF3-838CBE9F31A2}.Debug|Any CPU.Build.0 = Debug|Any CPU
		{E43501B5-A7D6-49D9-9EF3-838CBE9F31A2}.Release|Any CPU.ActiveCfg = Release|Any CPU
		{E43501B5-A7D6-49D9-9EF3-838CBE9F31A2}.Release|Any CPU.Build.0 = Release|Any CPU
	EndGlobalSection
	GlobalSection(SolutionProperties) = preSolution
		HideSolutionNode = FALSE
	EndGlobalSection
	GlobalSection(ExtensibilityGlobals) = postSolution
		SolutionGuid = {BB0B895B-FA15-48D1-BC60-027B657DB429}
	EndGlobalSection
EndGlobal
