
Microsoft Visual Studio Solution File, Format Version 12.00
# Visual Studio Version 17
VisualStudioVersion = 17.4.33110.190
MinimumVisualStudioVersion = 10.0.40219.1
Project("{FAE04EC0-301F-11D3-BF4B-00C04F79EFBC}") = "Cityinfo.API", "Cityinfo.API.csproj", "{479CBABA-015A-434E-B2B5-F9AB53113C0B}"
EndProject
Global
	GlobalSection(SolutionConfigurationPlatforms) = preSolution
		Debug|Any CPU = Debug|Any CPU
		Release|Any CPU = Release|Any CPU
	EndGlobalSection
	GlobalSection(ProjectConfigurationPlatforms) = postSolution
		{479CBABA-015A-434E-B2B5-F9AB53113C0B}.Debug|Any CPU.ActiveCfg = Debug|Any CPU
		{479CBABA-015A-434E-B2B5-F9AB53113C0B}.Debug|Any CPU.Build.0 = Debug|Any CPU
		{479CBABA-015A-434E-B2B5-F9AB53113C0B}.Release|Any CPU.ActiveCfg = Release|Any CPU
		{479CBABA-015A-434E-B2B5-F9AB53113C0B}.Release|Any CPU.Build.0 = Release|Any CPU
	EndGlobalSection
	GlobalSection(SolutionProperties) = preSolution
		HideSolutionNode = FALSE
	EndGlobalSection
	GlobalSection(ExtensibilityGlobals) = postSolution
		SolutionGuid = {6B666A6E-D1EE-44A6-9E39-3A28D2E3F86F}
	EndGlobalSection
EndGlobal
