
Microsoft Visual Studio Solution File, Format Version 12.00
# Visual Studio Version 17
VisualStudioVersion = 17.4.33110.190
MinimumVisualStudioVersion = 10.0.40219.1
Project("{FAE04EC0-301F-11D3-BF4B-00C04F79EFBC}") = "WEBAPICrudOperation", "WEBAPICrudOperation.csproj", "{C011BDB9-8984-4DED-B562-AC7FEDD07DF6}"
EndProject
Global
	GlobalSection(SolutionConfigurationPlatforms) = preSolution
		Debug|Any CPU = Debug|Any CPU
		Release|Any CPU = Release|Any CPU
	EndGlobalSection
	GlobalSection(ProjectConfigurationPlatforms) = postSolution
		{C011BDB9-8984-4DED-B562-AC7FEDD07DF6}.Debug|Any CPU.ActiveCfg = Debug|Any CPU
		{C011BDB9-8984-4DED-B562-AC7FEDD07DF6}.Debug|Any CPU.Build.0 = Debug|Any CPU
		{C011BDB9-8984-4DED-B562-AC7FEDD07DF6}.Release|Any CPU.ActiveCfg = Release|Any CPU
		{C011BDB9-8984-4DED-B562-AC7FEDD07DF6}.Release|Any CPU.Build.0 = Release|Any CPU
	EndGlobalSection
	GlobalSection(SolutionProperties) = preSolution
		HideSolutionNode = FALSE
	EndGlobalSection
	GlobalSection(ExtensibilityGlobals) = postSolution
		SolutionGuid = {DD6D6A5D-065F-4117-871B-4F23DA90D30A}
	EndGlobalSection
EndGlobal
