
Microsoft Visual Studio Solution File, Format Version 12.00
# Visual Studio Version 17
VisualStudioVersion = 17.8.34408.163
MinimumVisualStudioVersion = 10.0.40219.1
Project("{9A19103F-16F7-4668-BE54-9A1E7A4F7556}") = "APIappWithDataBase", "APIappWithDataBase.csproj", "{1C9A23C5-48EE-4B79-8D75-97C308610FE1}"
EndProject
Project("{FAE04EC0-301F-11D3-BF4B-00C04F79EFBC}") = "MVCApplicationToConsumeVillAPI", "..\MVCApplicationToConsumeVillAPI\MVCApplicationToConsumeVillAPI.csproj", "{2A7E9C45-3900-4D89-81E9-8AB76912F025}"
EndProject
Project("{FAE04EC0-301F-11D3-BF4B-00C04F79EFBC}") = "VillaUtility", "..\ConsoleApplication\VillaUtility.csproj", "{927F7F35-DD21-450F-BE4A-552E81A3027C}"
EndProject
Global
	GlobalSection(SolutionConfigurationPlatforms) = preSolution
		Debug|Any CPU = Debug|Any CPU
		Release|Any CPU = Release|Any CPU
	EndGlobalSection
	GlobalSection(ProjectConfigurationPlatforms) = postSolution
		{1C9A23C5-48EE-4B79-8D75-97C308610FE1}.Debug|Any CPU.ActiveCfg = Debug|Any CPU
		{1C9A23C5-48EE-4B79-8D75-97C308610FE1}.Debug|Any CPU.Build.0 = Debug|Any CPU
		{1C9A23C5-48EE-4B79-8D75-97C308610FE1}.Release|Any CPU.ActiveCfg = Release|Any CPU
		{1C9A23C5-48EE-4B79-8D75-97C308610FE1}.Release|Any CPU.Build.0 = Release|Any CPU
		{2A7E9C45-3900-4D89-81E9-8AB76912F025}.Debug|Any CPU.ActiveCfg = Debug|Any CPU
		{2A7E9C45-3900-4D89-81E9-8AB76912F025}.Debug|Any CPU.Build.0 = Debug|Any CPU
		{2A7E9C45-3900-4D89-81E9-8AB76912F025}.Release|Any CPU.ActiveCfg = Release|Any CPU
		{2A7E9C45-3900-4D89-81E9-8AB76912F025}.Release|Any CPU.Build.0 = Release|Any CPU
		{927F7F35-DD21-450F-BE4A-552E81A3027C}.Debug|Any CPU.ActiveCfg = Debug|Any CPU
		{927F7F35-DD21-450F-BE4A-552E81A3027C}.Debug|Any CPU.Build.0 = Debug|Any CPU
		{927F7F35-DD21-450F-BE4A-552E81A3027C}.Release|Any CPU.ActiveCfg = Release|Any CPU
		{927F7F35-DD21-450F-BE4A-552E81A3027C}.Release|Any CPU.Build.0 = Release|Any CPU
	EndGlobalSection
	GlobalSection(SolutionProperties) = preSolution
		HideSolutionNode = FALSE
	EndGlobalSection
	GlobalSection(ExtensibilityGlobals) = postSolution
		SolutionGuid = {D6AD46A3-D0C8-4B83-BCC7-10638B3D9B7B}
	EndGlobalSection
EndGlobal
